hash: c76e05bb4afd302f1f9af3ae5e34e3bfacad42f0b1850228de5df2a468be195e
updated: 2018-03-25T15:17:18.93044056-07:00
imports:
- name: github.com/gorilla/context
  version: 08b5f424b9271eedf6f9f0ce86cb9396ed337a42
- name: github.com/gorilla/mux
  version: 4dbd923b0c9e99ff63ad54b0e9705ff92d3cdb06
testImports: []
